
Microsoft Visual Studio Solution File, Format Version 12.00
# Visual Studio Version 16
VisualStudioVersion = 25.0.1705.4
MinimumVisualStudioVersion = 10.0.40219.1
Project("{FAE04EC0-301F-11D3-BF4B-00C04F79EFBC}") = "netcore6test", "netcore6test.csproj", "{CF4A4411-94D0-4F74-BE34-501BBA184EAA}"
EndProject
Project("{E53339B2-1760-4266-BCC7-CA923CBCF16C}") = "docker-compose", "docker-compose.dcproj", "{8DF17703-36CC-46C0-A01C-E04CD1EE2E71}"
EndProject
Global
	GlobalSection(SolutionConfigurationPlatforms) = preSolution
		Debug|Any CPU = Debug|Any CPU
		Release|Any CPU = Release|Any CPU
	EndGlobalSection
	GlobalSection(ProjectConfigurationPlatforms) = postSolution
		{CF4A4411-94D0-4F74-BE34-501BBA184EAA}.Debug|Any CPU.ActiveCfg = Debug|Any CPU
		{CF4A4411-94D0-4F74-BE34-501BBA184EAA}.Debug|Any CPU.Build.0 = Debug|Any CPU
		{CF4A4411-94D0-4F74-BE34-501BBA184EAA}.Release|Any CPU.ActiveCfg = Release|Any CPU
		{CF4A4411-94D0-4F74-BE34-501BBA184EAA}.Release|Any CPU.Build.0 = Release|Any CPU
		{8DF17703-36CC-46C0-A01C-E04CD1EE2E71}.Debug|Any CPU.ActiveCfg = Debug|Any CPU
		{8DF17703-36CC-46C0-A01C-E04CD1EE2E71}.Debug|Any CPU.Build.0 = Debug|Any CPU
		{8DF17703-36CC-46C0-A01C-E04CD1EE2E71}.Release|Any CPU.ActiveCfg = Release|Any CPU
		{8DF17703-36CC-46C0-A01C-E04CD1EE2E71}.Release|Any CPU.Build.0 = Release|Any CPU
	EndGlobalSection
	GlobalSection(SolutionProperties) = preSolution
		HideSolutionNode = FALSE
	EndGlobalSection
	GlobalSection(ExtensibilityGlobals) = postSolution
		SolutionGuid = {AB86283E-5C0C-42B5-B408-B8475D65BD43}
	EndGlobalSection
EndGlobal
